
Microsoft Visual Studio Solution File, Format Version 12.00
# Visual Studio 15
Project("{FAE04EC0-301F-11D3-BF4B-00C04F79EFBC}") = "Assembly-CSharp", "Assembly-CSharp.csproj", "{0AB265D5-05DD-15C5-8F56-88E4F5D570A2}"
EndProject
Project("{FAE04EC0-301F-11D3-BF4B-00C04F79EFBC}") = "Assembly-CSharp-firstpass", "Assembly-CSharp-firstpass.csproj", "{B421A685-BE75-BF83-3244-D46D853EE7DF}"
EndProject
Global
	GlobalSection(SolutionConfigurationPlatforms) = preSolution
		Debug|Any CPU = Debug|Any CPU
		Release|Any CPU = Release|Any CPU
	EndGlobalSection
	GlobalSection(ProjectConfigurationPlatforms) = postSolution
		{0AB265D5-05DD-15C5-8F56-88E4F5D570A2}.Debug|Any CPU.ActiveCfg = Debug|Any CPU
		{0AB265D5-05DD-15C5-8F56-88E4F5D570A2}.Debug|Any CPU.Build.0 = Debug|Any CPU
		{0AB265D5-05DD-15C5-8F56-88E4F5D570A2}.Release|Any CPU.ActiveCfg = Release|Any CPU
		{0AB265D5-05DD-15C5-8F56-88E4F5D570A2}.Release|Any CPU.Build.0 = Release|Any CPU
		{B421A685-BE75-BF83-3244-D46D853EE7DF}.Debug|Any CPU.ActiveCfg = Debug|Any CPU
		{B421A685-BE75-BF83-3244-D46D853EE7DF}.Debug|Any CPU.Build.0 = Debug|Any CPU
		{B421A685-BE75-BF83-3244-D46D853EE7DF}.Release|Any CPU.ActiveCfg = Release|Any CPU
		{B421A685-BE75-BF83-3244-D46D853EE7DF}.Release|Any CPU.Build.0 = Release|Any CPU
	EndGlobalSection
	GlobalSection(SolutionProperties) = preSolution
		HideSolutionNode = FALSE
	EndGlobalSection
EndGlobal
